
Microsoft Visual Studio Solution File, Format Version 12.00
# Visual Studio Version 16
VisualStudioVersion = 16.0.31025.194
MinimumVisualStudioVersion = 10.0.40219.1
Project("{9A19103F-16F7-4668-BE54-9A1E7A4F7556}") = "theme_tool", "theme_tool.csproj", "{39D7BE58-6A8A-4010-A05F-1AB9ED7130FC}"
EndProject
Global
	GlobalSection(SolutionConfigurationPlatforms) = preSolution
		Debug|Any CPU = Debug|Any CPU
		Release|Any CPU = Release|Any CPU
	EndGlobalSection
	GlobalSection(ProjectConfigurationPlatforms) = postSolution
		{39D7BE58-6A8A-4010-A05F-1AB9ED7130FC}.Debug|Any CPU.ActiveCfg = Debug|Any CPU
		{39D7BE58-6A8A-4010-A05F-1AB9ED7130FC}.Debug|Any CPU.Build.0 = Debug|Any CPU
		{39D7BE58-6A8A-4010-A05F-1AB9ED7130FC}.Release|Any CPU.ActiveCfg = Release|Any CPU
		{39D7BE58-6A8A-4010-A05F-1AB9ED7130FC}.Release|Any CPU.Build.0 = Release|Any CPU
	EndGlobalSection
	GlobalSection(SolutionProperties) = preSolution
		HideSolutionNode = FALSE
	EndGlobalSection
	GlobalSection(ExtensibilityGlobals) = postSolution
		SolutionGuid = {E07F9ED0-DC13-40E9-8FF5-C49BDBD7D911}
	EndGlobalSection
EndGlobal
